
Microsoft Visual Studio Solution File, Format Version 12.00
# Visual Studio Version 17
VisualStudioVersion = 17.13.35919.96 d17.13
MinimumVisualStudioVersion = 10.0.40219.1
Project("{8BC9CEB8-8B4A-11D0-8D11-00A0C91BC942}") = "Assignment 1", "Assignment 1.vcxproj", "{80CE714A-05D3-440A-8239-6063AFFA4ED5}"
EndProject
Global
	GlobalSection(SolutionConfigurationPlatforms) = preSolution
		Debug|x64 = Debug|x64
		Debug|x86 = Debug|x86
		Release|x64 = Release|x64
		Release|x86 = Release|x86
	EndGlobalSection
	GlobalSection(ProjectConfigurationPlatforms) = postSolution
		{80CE714A-05D3-440A-8239-6063AFFA4ED5}.Debug|x64.ActiveCfg = Debug|x64
		{80CE714A-05D3-440A-8239-6063AFFA4ED5}.Debug|x64.Build.0 = Debug|x64
		{80CE714A-05D3-440A-8239-6063AFFA4ED5}.Debug|x86.ActiveCfg = Debug|Win32
		{80CE714A-05D3-440A-8239-6063AFFA4ED5}.Debug|x86.Build.0 = Debug|Win32
		{80CE714A-05D3-440A-8239-6063AFFA4ED5}.Release|x64.ActiveCfg = Release|x64
		{80CE714A-05D3-440A-8239-6063AFFA4ED5}.Release|x64.Build.0 = Release|x64
		{80CE714A-05D3-440A-8239-6063AFFA4ED5}.Release|x86.ActiveCfg = Release|Win32
		{80CE714A-05D3-440A-8239-6063AFFA4ED5}.Release|x86.Build.0 = Release|Win32
	EndGlobalSection
	GlobalSection(SolutionProperties) = preSolution
		HideSolutionNode = FALSE
	EndGlobalSection
	GlobalSection(ExtensibilityGlobals) = postSolution
		SolutionGuid = {356CADEC-64A9-4DE4-92B5-6B148180D393}
	EndGlobalSection
EndGlobal
